// !$*UTF8*$!
{
	archiveVersion = 1;
	classes = {
	};
	objectVersion = 55;
	objects = {

/* Begin PBXBuildFile section */
		3ED92555BA322218C808D60D /* Pods_Blue_ePro.framework in Frameworks */ = {isa = PBXBuildFile; fileRef = C59A10CB231DCB91AAECE7F4 /* Pods_Blue_ePro.framework */; };
		9C90839B2768DC9F002F615E /* AppDelegate.swift in Sources */ = {isa = PBXBuildFile; fileRef = 9C90839A2768DC9F002F615E /* AppDelegate.swift */; };
		9C90839D2768DC9F002F615E /* SceneDelegate.swift in Sources */ = {isa = PBXBuildFile; fileRef = 9C90839C2768DC9F002F615E /* SceneDelegate.swift */; };
		9C90839F2768DC9F002F615E /* ViewController.swift in Sources */ = {isa = PBXBuildFile; fileRef = 9C90839E2768DC9F002F615E /* ViewController.swift */; };
		9C9083A22768DC9F002F615E /* Main.storyboard in Resources */ = {isa = PBXBuildFile; fileRef = 9C9083A02768DC9F002F615E /* Main.storyboard */; };
		9C9083A42768DCA1002F615E /* Assets.xcassets in Resources */ = {isa = PBXBuildFile; fileRef = 9C9083A32768DCA1002F615E /* Assets.xcassets */; };
		9C9083A72768DCA1002F615E /* LaunchScreen.storyboard in Resources */ = {isa = PBXBuildFile; fileRef = 9C9083A52768DCA1002F615E /* LaunchScreen.storyboard */; };
		E687A0EA276A58C100555375 /* sample.swift in Sources */ = {isa = PBXBuildFile; fileRef = E687A0E9276A58C100555375 /* sample.swift */; };
		E687A0EC276A5A2F00555375 /* GoogleService-Info.plist in Resources */ = {isa = PBXBuildFile; fileRef = E687A0EB276A5A2F00555375 /* GoogleService-Info.plist */; };
		E687A0EF276B2C1800555375 /* addBackground.swift in Sources */ = {isa = PBXBuildFile; fileRef = E687A0EE276B2C1800555375 /* addBackground.swift */; };
		E687A0F5276B30C900555375 /* ProfCollectionView.swift in Sources */ = {isa = PBXBuildFile; fileRef = E687A0F4276B30C900555375 /* ProfCollectionView.swift */; };
		E687A0F9276B57E200555375 /* WriteProfView.swift in Sources */ = {isa = PBXBuildFile; fileRef = E687A0F8276B57E200555375 /* WriteProfView.swift */; };
		E687A0FB276B5AF300555375 /* WriteProfView2.swift in Sources */ = {isa = PBXBuildFile; fileRef = E687A0FA276B5AF300555375 /* WriteProfView2.swift */; };
		E687A0FD276B708100555375 /* SliderCell.swift in Sources */ = {isa = PBXBuildFile; fileRef = E687A0FC276B708100555375 /* SliderCell.swift */; };
		E687A0FF276B7BAC00555375 /* SeeProfView.swift in Sources */ = {isa = PBXBuildFile; fileRef = E687A0FE276B7BAC00555375 /* SeeProfView.swift */; };
		E687A101276C23CF00555375 /* LoginView.swift in Sources */ = {isa = PBXBuildFile; fileRef = E687A100276C23CF00555375 /* LoginView.swift */; };
		E687A103276C439400555375 /* RequestView.swift in Sources */ = {isa = PBXBuildFile; fileRef = E687A102276C439400555375 /* RequestView.swift */; };
/* End PBXBuildFile section */

/* Begin PBXFileReference section */
		305822D7E2281930E7C121C5 /* Pods-Blue-ePro.debug.xcconfig */ = {isa = PBXFileReference; includeInIndex = 1; lastKnownFileType = text.xcconfig; name = "Pods-Blue-ePro.debug.xcconfig"; path = "Target Support Files/Pods-Blue-ePro/Pods-Blue-ePro.debug.xcconfig"; sourceTree = "<group>"; };
		6EDEDCEFA41D86FB6DC19830 /* Pods-Blue-ePro.release.xcconfig */ = {isa = PBXFileReference; includeInIndex = 1; lastKnownFileType = text.xcconfig; name = "Pods-Blue-ePro.release.xcconfig"; path = "Target Support Files/Pods-Blue-ePro/Pods-Blue-ePro.release.xcconfig"; sourceTree = "<group>"; };
		9C9083972768DC9F002F615E /* Blue-ePro.app */ = {isa = PBXFileReference; explicitFileType = wrapper.application; includeInIndex = 0; path = "Blue-ePro.app"; sourceTree = BUILT_PRODUCTS_DIR; };
		9C90839A2768DC9F002F615E /* AppDelegate.swift */ = {isa = PBXFileReference; lastKnownFileType = sourcecode.swift; path = AppDelegate.swift; sourceTree = "<group>"; };
		9C90839C2768DC9F002F615E /* SceneDelegate.swift */ = {isa = PBXFileReference; lastKnownFileType = sourcecode.swift; path = SceneDelegate.swift; sourceTree = "<group>"; };
		9C90839E2768DC9F002F615E /* ViewController.swift */ = {isa = PBXFileReference; lastKnownFileType = sourcecode.swift; path = ViewController.swift; sourceTree = "<group>"; };
		9C9083A12768DC9F002F615E /* Base */ = {isa = PBXFileReference; lastKnownFileType = file.storyboard; name = Base; path = Base.lproj/Main.storyboard; sourceTree = "<group>"; };
		9C9083A32768DCA1002F615E /* Assets.xcassets */ = {isa = PBXFileReference; lastKnownFileType = folder.assetcatalog; path = Assets.xcassets; sourceTree = "<group>"; };
		9C9083A62768DCA1002F615E /* Base */ = {isa = PBXFileReference; lastKnownFileType = file.storyboard; name = Base; path = Base.lproj/LaunchScreen.storyboard; sourceTree = "<group>"; };
		9C9083A82768DCA1002F615E /* Info.plist */ = {isa = PBXFileReference; lastKnownFileType = text.plist.xml; path = Info.plist; sourceTree = "<group>"; };
		C59A10CB231DCB91AAECE7F4 /* Pods_Blue_ePro.framework */ = {isa = PBXFileReference; explicitFileType = wrapper.framework; includeInIndex = 0; path = Pods_Blue_ePro.framework; sourceTree = BUILT_PRODUCTS_DIR; };
		E687A0E9276A58C100555375 /* sample.swift */ = {isa = PBXFileReference; lastKnownFileType = sourcecode.swift; path = sample.swift; sourceTree = "<group>"; };
		E687A0EB276A5A2F00555375 /* GoogleService-Info.plist */ = {isa = PBXFileReference; fileEncoding = 4; lastKnownFileType = text.plist.xml; path = "GoogleService-Info.plist"; sourceTree = "<group>"; };
		E687A0ED276A633500555375 /* MyPlayground.playground */ = {isa = PBXFileReference; lastKnownFileType = file.playground; path = MyPlayground.playground; sourceTree = "<group>"; xcLanguageSpecificationIdentifier = xcode.lang.swift; };
		E687A0EE276B2C1800555375 /* addBackground.swift */ = {isa = PBXFileReference; lastKnownFileType = sourcecode.swift; path = addBackground.swift; sourceTree = "<group>"; };
		E687A0F4276B30C900555375 /* ProfCollectionView.swift */ = {isa = PBXFileReference; lastKnownFileType = sourcecode.swift; path = ProfCollectionView.swift; sourceTree = "<group>"; };
		E687A0F8276B57E200555375 /* WriteProfView.swift */ = {isa = PBXFileReference; lastKnownFileType = sourcecode.swift; path = WriteProfView.swift; sourceTree = "<group>"; };
		E687A0FA276B5AF300555375 /* WriteProfView2.swift */ = {isa = PBXFileReference; lastKnownFileType = sourcecode.swift; path = WriteProfView2.swift; sourceTree = "<group>"; };
		E687A0FC276B708100555375 /* SliderCell.swift */ = {isa = PBXFileReference; lastKnownFileType = sourcecode.swift; path = SliderCell.swift; sourceTree = "<group>"; };
		E687A0FE276B7BAC00555375 /* SeeProfView.swift */ = {isa = PBXFileReference; lastKnownFileType = sourcecode.swift; path = SeeProfView.swift; sourceTree = "<group>"; };
		E687A100276C23CF00555375 /* LoginView.swift */ = {isa = PBXFileReference; lastKnownFileType = sourcecode.swift; path = LoginView.swift; sourceTree = "<group>"; };
		E687A102276C439400555375 /* RequestView.swift */ = {isa = PBXFileReference; lastKnownFileType = sourcecode.swift; path = RequestView.swift; sourceTree = "<group>"; };
/* End PBXFileReference section */

/* Begin PBXFrameworksBuildPhase section */
		9C9083942768DC9F002F615E /* Frameworks */ = {
			isa = PBXFrameworksBuildPhase;
			buildActionMask = 2147483647;
			files = (
				3ED92555BA322218C808D60D /* Pods_Blue_ePro.framework in Frameworks */,
			);
			runOnlyForDeploymentPostprocessing = 0;
		};
/* End PBXFrameworksBuildPhase section */

/* Begin PBXGroup section */
		8DF946FC7CF47A75C9749856 /* Pods */ = {
			isa = PBXGroup;
			children = (
				305822D7E2281930E7C121C5 /* Pods-Blue-ePro.debug.xcconfig */,
				6EDEDCEFA41D86FB6DC19830 /* Pods-Blue-ePro.release.xcconfig */,
			);
			path = Pods;
			sourceTree = "<group>";
		};
		96295C2A7C6A8C620955F49A /* Frameworks */ = {
			isa = PBXGroup;
			children = (
				C59A10CB231DCB91AAECE7F4 /* Pods_Blue_ePro.framework */,
			);
			name = Frameworks;
			sourceTree = "<group>";
		};
		9C90838E2768DC9F002F615E = {
			isa = PBXGroup;
			children = (
				9C9083992768DC9F002F615E /* Blue-ePro */,
				9C9083982768DC9F002F615E /* Products */,
				8DF946FC7CF47A75C9749856 /* Pods */,
				96295C2A7C6A8C620955F49A /* Frameworks */,
			);
			sourceTree = "<group>";
		};
		9C9083982768DC9F002F615E /* Products */ = {
			isa = PBXGroup;
			children = (
				9C9083972768DC9F002F615E /* Blue-ePro.app */,
			);
			name = Products;
			sourceTree = "<group>";
		};
		9C9083992768DC9F002F615E /* Blue-ePro */ = {
			isa = PBXGroup;
			children = (
				9C90839A2768DC9F002F615E /* AppDelegate.swift */,
				9C90839C2768DC9F002F615E /* SceneDelegate.swift */,
				9C90839E2768DC9F002F615E /* ViewController.swift */,
				9C9083A02768DC9F002F615E /* Main.storyboard */,
				9C9083A32768DCA1002F615E /* Assets.xcassets */,
				9C9083A52768DCA1002F615E /* LaunchScreen.storyboard */,
				9C9083A82768DCA1002F615E /* Info.plist */,
				E687A0E9276A58C100555375 /* sample.swift */,
				E687A0EB276A5A2F00555375 /* GoogleService-Info.plist */,
				E687A0F4276B30C900555375 /* ProfCollectionView.swift */,
				E687A0EE276B2C1800555375 /* addBackground.swift */,
				E687A0F8276B57E200555375 /* WriteProfView.swift */,
				E687A0FA276B5AF300555375 /* WriteProfView2.swift */,
				E687A0FC276B708100555375 /* SliderCell.swift */,
				E687A0FE276B7BAC00555375 /* SeeProfView.swift */,
				E687A100276C23CF00555375 /* LoginView.swift */,
				E687A102276C439400555375 /* RequestView.swift */,
				E687A0ED276A633500555375 /* MyPlayground.playground */,
			);
			path = "Blue-ePro";
			sourceTree = "<group>";
		};
/* End PBXGroup section */

/* Begin PBXNativeTarget section */
		9C9083962768DC9F002F615E /* Blue-ePro */ = {
			isa = PBXNativeTarget;
			buildConfigurationList = 9C9083AB2768DCA1002F615E /* Build configuration list for PBXNativeTarget "Blue-ePro" */;
			buildPhases = (
				10F1B700D9F2C99CCEF297CA /* [CP] Check Pods Manifest.lock */,
				9C9083932768DC9F002F615E /* Sources */,
				9C9083942768DC9F002F615E /* Frameworks */,
				9C9083952768DC9F002F615E /* Resources */,
				4F34857209C85E6355C52763 /* [CP] Embed Pods Frameworks */,
			);
			buildRules = (
			);
			dependencies = (
			);
			name = "Blue-ePro";
			productName = "Blue-ePro";
			productReference = 9C9083972768DC9F002F615E /* Blue-ePro.app */;
			productType = "com.apple.product-type.application";
		};
/* End PBXNativeTarget section */

/* Begin PBXProject section */
		9C90838F2768DC9F002F615E /* Project object */ = {
			isa = PBXProject;
			attributes = {
				BuildIndependentTargetsInParallel = 1;
				LastSwiftUpdateCheck = 1310;
				LastUpgradeCheck = 1310;
				TargetAttributes = {
					9C9083962768DC9F002F615E = {
						CreatedOnToolsVersion = 13.1;
					};
				};
			};
			buildConfigurationList = 9C9083922768DC9F002F615E /* Build configuration list for PBXProject "Blue-ePro" */;
			compatibilityVersion = "Xcode 13.0";
			developmentRegion = en;
			hasScannedForEncodings = 0;
			knownRegions = (
				en,
				Base,
			);
			mainGroup = 9C90838E2768DC9F002F615E;
			productRefGroup = 9C9083982768DC9F002F615E /* Products */;
			projectDirPath = "";
			projectRoot = "";
			targets = (
				9C9083962768DC9F002F615E /* Blue-ePro */,
			);
		};
/* End PBXProject section */

/* Begin PBXResourcesBuildPhase section */
		9C9083952768DC9F002F615E /* Resources */ = {
			isa = PBXResourcesBuildPhase;
			buildActionMask = 2147483647;
			files = (
				9C9083A72768DCA1002F615E /* LaunchScreen.storyboard in Resources */,
				E687A0EC276A5A2F00555375 /* GoogleService-Info.plist in Resources */,
				9C9083A42768DCA1002F615E /* Assets.xcassets in Resources */,
				9C9083A22768DC9F002F615E /* Main.storyboard in Resources */,
			);
			runOnlyForDeploymentPostprocessing = 0;
		};
/* End PBXResourcesBuildPhase section */

/* Begin PBXShellScriptBuildPhase section */
		10F1B700D9F2C99CCEF297CA /* [CP] Check Pods Manifest.lock */ = {
			isa = PBXShellScriptBuildPhase;
			buildActionMask = 2147483647;
			files = (
			);
			inputFileListPaths = (
			);
			inputPaths = (
				"${PODS_PODFILE_DIR_PATH}/Podfile.lock",
				"${PODS_ROOT}/Manifest.lock",
			);
			name = "[CP] Check Pods Manifest.lock";
			outputFileListPaths = (
			);
			outputPaths = (
				"$(DERIVED_FILE_DIR)/Pods-Blue-ePro-checkManifestLockResult.txt",
			);
			runOnlyForDeploymentPostprocessing = 0;
			shellPath = /bin/sh;
			shellScript = "diff \"${PODS_PODFILE_DIR_PATH}/Podfile.lock\" \"${PODS_ROOT}/Manifest.lock\" > /dev/null\nif [ $? != 0 ] ; then\n    # print error to STDERR\n    echo \"error: The sandbox is not in sync with the Podfile.lock. Run 'pod install' or update your CocoaPods installation.\" >&2\n    exit 1\nfi\n# This output is used by Xcode 'outputs' to avoid re-running this script phase.\necho \"SUCCESS\" > \"${SCRIPT_OUTPUT_FILE_0}\"\n";
			showEnvVarsInLog = 0;
		};
		4F34857209C85E6355C52763 /* [CP] Embed Pods Frameworks */ = {
			isa = PBXShellScriptBuildPhase;
			buildActionMask = 2147483647;
			files = (
			);
			inputFileListPaths = (
				"${PODS_ROOT}/Target Support Files/Pods-Blue-ePro/Pods-Blue-ePro-frameworks-${CONFIGURATION}-input-files.xcfilelist",
			);
			name = "[CP] Embed Pods Frameworks";
			outputFileListPaths = (
				"${PODS_ROOT}/Target Support Files/Pods-Blue-ePro/Pods-Blue-ePro-frameworks-${CONFIGURATION}-output-files.xcfilelist",
			);
			runOnlyForDeploymentPostprocessing = 0;
			shellPath = /bin/sh;
			shellScript = "\"${PODS_ROOT}/Target Support Files/Pods-Blue-ePro/Pods-Blue-ePro-frameworks.sh\"\n";
			showEnvVarsInLog = 0;
		};
/* End PBXShellScriptBuildPhase section */

/* Begin PBXSourcesBuildPhase section */
		9C9083932768DC9F002F615E /* Sources */ = {
			isa = PBXSourcesBuildPhase;
			buildActionMask = 2147483647;
			files = (
				9C90839F2768DC9F002F615E /* ViewController.swift in Sources */,
				E687A0EF276B2C1800555375 /* addBackground.swift in Sources */,
				E687A0F9276B57E200555375 /* WriteProfView.swift in Sources */,
				E687A0EA276A58C100555375 /* sample.swift in Sources */,
				E687A0FD276B708100555375 /* SliderCell.swift in Sources */,
				E687A0F5276B30C900555375 /* ProfCollectionView.swift in Sources */,
				9C90839B2768DC9F002F615E /* AppDelegate.swift in Sources */,
				E687A0FF276B7BAC00555375 /* SeeProfView.swift in Sources */,
				E687A103276C439400555375 /* RequestView.swift in Sources */,
				E687A101276C23CF00555375 /* LoginView.swift in Sources */,
				E687A0FB276B5AF300555375 /* WriteProfView2.swift in Sources */,
				9C90839D2768DC9F002F615E /* SceneDelegate.swift in Sources */,
			);
			runOnlyForDeploymentPostprocessing = 0;
		};
/* End PBXSourcesBuildPhase section */

/* Begin PBXVariantGroup section */
		9C9083A02768DC9F002F615E /* Main.storyboard */ = {
			isa = PBXVariantGroup;
			children = (
				9C9083A12768DC9F002F615E /* Base */,
			);
			name = Main.storyboard;
			sourceTree = "<group>";
		};
		9C9083A52768DCA1002F615E /* LaunchScreen.storyboard */ = {
			isa = PBXVariantGroup;
			children = (
				9C9083A62768DCA1002F615E /* Base */,
			);
			name = LaunchScreen.storyboard;
			sourceTree = "<group>";
		};
/* End PBXVariantGroup section */

/* Begin XCBuildConfiguration section */
		9C9083A92768DCA1002F615E /* Debug */ = {
			isa = XCBuildConfiguration;
			buildSettings = {
				ALWAYS_SEARCH_USER_PATHS = NO;
				CLANG_ANALYZER_NONNULL = YES;
				CLANG_ANALYZER_NUMBER_OBJECT_CONVERSION = YES_AGGRESSIVE;
				CLANG_CXX_LANGUAGE_STANDARD = "gnu++17";
				CLANG_CXX_LIBRARY = "libc++";
				CLANG_ENABLE_MODULES = YES;
				CLANG_ENABLE_OBJC_ARC = YES;
				CLANG_ENABLE_OBJC_WEAK = YES;
				CLANG_WARN_BLOCK_CAPTURE_AUTORELEASING = YES;
				CLANG_WARN_BOOL_CONVERSION = YES;
				CLANG_WARN_COMMA = YES;
				CLANG_WARN_CONSTANT_CONVERSION = YES;
				CLANG_WARN_DEPRECATED_OBJC_IMPLEMENTATIONS = YES;
				CLANG_WARN_DIRECT_OBJC_ISA_USAGE = YES_ERROR;
				CLANG_WARN_DOCUMENTATION_COMMENTS = YES;
				CLANG_WARN_EMPTY_BODY = YES;
				CLANG_WARN_ENUM_CONVERSION = YES;
				CLANG_WARN_INFINITE_RECURSION = YES;
				CLANG_WARN_INT_CONVERSION = YES;
				CLANG_WARN_NON_LITERAL_NULL_CONVERSION = YES;
				CLANG_WARN_OBJC_IMPLICIT_RETAIN_SELF = YES;
				CLANG_WARN_OBJC_LITERAL_CONVERSION = YES;
				CLANG_WARN_OBJC_ROOT_CLASS = YES_ERROR;
				CLANG_WARN_QUOTED_INCLUDE_IN_FRAMEWORK_HEADER = YES;
				CLANG_WARN_RANGE_LOOP_ANALYSIS = YES;
				CLANG_WARN_STRICT_PROTOTYPES = YES;
				CLANG_WARN_SUSPICIOUS_MOVE = YES;
				CLANG_WARN_UNGUARDED_AVAILABILITY = YES_AGGRESSIVE;
				CLANG_WARN_UNREACHABLE_CODE = YES;
				CLANG_WARN__DUPLICATE_METHOD_MATCH = YES;
				COPY_PHASE_STRIP = NO;
				DEBUG_INFORMATION_FORMAT = dwarf;
				ENABLE_STRICT_OBJC_MSGSEND = YES;
				ENABLE_TESTABILITY = YES;
				GCC_C_LANGUAGE_STANDARD = gnu11;
				GCC_DYNAMIC_NO_PIC = NO;
				GCC_NO_COMMON_BLOCKS = YES;
				GCC_OPTIMIZATION_LEVEL = 0;
				GCC_PREPROCESSOR_DEFINITIONS = (
					"DEBUG=1",
					"$(inherited)",
				);
				GCC_WARN_64_TO_32_BIT_CONVERSION = YES;
				GCC_WARN_ABOUT_RETURN_TYPE = YES_ERROR;
				GCC_WARN_UNDECLARED_SELECTOR = YES;
				GCC_WARN_UNINITIALIZED_AUTOS = YES_AGGRESSIVE;
				GCC_WARN_UNUSED_FUNCTION = YES;
				GCC_WARN_UNUSED_VARIABLE = YES;
				IPHONEOS_DEPLOYMENT_TARGET = 15.0;
				MTL_ENABLE_DEBUG_INFO = INCLUDE_SOURCE;
				MTL_FAST_MATH = YES;
				ONLY_ACTIVE_ARCH = YES;
				SDKROOT = iphoneos;
				SWIFT_ACTIVE_COMPILATION_CONDITIONS = DEBUG;
				SWIFT_OPTIMIZATION_LEVEL = "-Onone";
			};
			name = Debug;
		};
		9C9083AA2768DCA1002F615E /* Release */ = {
			isa = XCBuildConfiguration;
			buildSettings = {
				ALWAYS_SEARCH_USER_PATHS = NO;
				CLANG_ANALYZER_NONNULL = YES;
				CLANG_ANALYZER_NUMBER_OBJECT_CONVERSION = YES_AGGRESSIVE;
				CLANG_CXX_LANGUAGE_STANDARD = "gnu++17";
				CLANG_CXX_LIBRARY = "libc++";
				CLANG_ENABLE_MODULES = YES;
				CLANG_ENABLE_OBJC_ARC = YES;
				CLANG_ENABLE_OBJC_WEAK = YES;
				CLANG_WARN_BLOCK_CAPTURE_AUTORELEASING = YES;
				CLANG_WARN_BOOL_CONVERSION = YES;
				CLANG_WARN_COMMA = YES;
				CLANG_WARN_CONSTANT_CONVERSION = YES;
				CLANG_WARN_DEPRECATED_OBJC_IMPLEMENTATIONS = YES;
				CLANG_WARN_DIRECT_OBJC_ISA_USAGE = YES_ERROR;
				CLANG_WARN_DOCUMENTATION_COMMENTS = YES;
				CLANG_WARN_EMPTY_BODY = YES;
				CLANG_WARN_ENUM_CONVERSION = YES;
				CLANG_WARN_INFINITE_RECURSION = YES;
				CLANG_WARN_INT_CONVERSION = YES;
				CLANG_WARN_NON_LITERAL_NULL_CONVERSION = YES;
				CLANG_WARN_OBJC_IMPLICIT_RETAIN_SELF = YES;
				CLANG_WARN_OBJC_LITERAL_CONVERSION = YES;
				CLANG_WARN_OBJC_ROOT_CLASS = YES_ERROR;
				CLANG_WARN_QUOTED_INCLUDE_IN_FRAMEWORK_HEADER = YES;
				CLANG_WARN_RANGE_LOOP_ANALYSIS = YES;
				CLANG_WARN_STRICT_PROTOTYPES = YES;
				CLANG_WARN_SUSPICIOUS_MOVE = YES;
				CLANG_WARN_UNGUARDED_AVAILABILITY = YES_AGGRESSIVE;
				CLANG_WARN_UNREACHABLE_CODE = YES;
				CLANG_WARN__DUPLICATE_METHOD_MATCH = YES;
				COPY_PHASE_STRIP = NO;
				DEBUG_INFORMATION_FORMAT = "dwarf-with-dsym";
				ENABLE_NS_ASSERTIONS = NO;
				ENABLE_STRICT_OBJC_MSGSEND = YES;
				GCC_C_LANGUAGE_STANDARD = gnu11;
				GCC_NO_COMMON_BLOCKS = YES;
				GCC_WARN_64_TO_32_BIT_CONVERSION = YES;
				GCC_WARN_ABOUT_RETURN_TYPE = YES_ERROR;
				GCC_WARN_UNDECLARED_SELECTOR = YES;
				GCC_WARN_UNINITIALIZED_AUTOS = YES_AGGRESSIVE;
				GCC_WARN_UNUSED_FUNCTION = YES;
				GCC_WARN_UNUSED_VARIABLE = YES;
				IPHONEOS_DEPLOYMENT_TARGET = 15.0;
				MTL_ENABLE_DEBUG_INFO = NO;
				MTL_FAST_MATH = YES;
				SDKROOT = iphoneos;
				SWIFT_COMPILATION_MODE = wholemodule;
				SWIFT_OPTIMIZATION_LEVEL = "-O";
				VALIDATE_PRODUCT = YES;
			};
			name = Release;
		};
		9C9083AC2768DCA1002F615E /* Debug */ = {
			isa = XCBuildConfiguration;
			baseConfigurationReference = 305822D7E2281930E7C121C5 /* Pods-Blue-ePro.debug.xcconfig */;
			buildSettings = {
				ASSETCATALOG_COMPILER_APPICON_NAME = AppIcon;
				ASSETCATALOG_COMPILER_GLOBAL_ACCENT_COLOR_NAME = AccentColor;
				CODE_SIGN_STYLE = Automatic;
				CURRENT_PROJECT_VERSION = 1;
				GENERATE_INFOPLIST_FILE = YES;
				INFOPLIST_FILE = "Blue-ePro/Info.plist";
				INFOPLIST_KEY_CFBundleDisplayName = "eプロ";
				INFOPLIST_KEY_UIApplicationSupportsIndirectInputEvents = YES;
				INFOPLIST_KEY_UILaunchStoryboardName = LaunchScreen;
				INFOPLIST_KEY_UIMainStoryboardFile = Main;
				INFOPLIST_KEY_UISupportedInterfaceOrientations_iPad = "UIInterfaceOrientationPortrait UIInterfaceOrientationPortraitUpsideDown UIInterfaceOrientationLandscapeLeft UIInterfaceOrientationLandscapeRight";
				INFOPLIST_KEY_UISupportedInterfaceOrientations_iPhone = "UIInterfaceOrientationPortrait UIInterfaceOrientationLandscapeLeft UIInterfaceOrientationLandscapeRight";
				LD_RUNPATH_SEARCH_PATHS = (
					"$(inherited)",
					"@executable_path/Frameworks",
				);
				MARKETING_VERSION = 1.0;
				PRODUCT_BUNDLE_IDENTIFIER = "sample.Blue-ePro";
				PRODUCT_NAME = "$(TARGET_NAME)";
				SWIFT_EMIT_LOC_STRINGS = YES;
				SWIFT_VERSION = 5.0;
				TARGETED_DEVICE_FAMILY = 1;
			};
			name = Debug;
		};
		9C9083AD2768DCA1002F615E /* Release */ = {
			isa = XCBuildConfiguration;
			baseConfigurationReference = 6EDEDCEFA41D86FB6DC19830 /* Pods-Blue-ePro.release.xcconfig */;
			buildSettings = {
				ASSETCATALOG_COMPILER_APPICON_NAME = AppIcon;
				ASSETCATALOG_COMPILER_GLOBAL_ACCENT_COLOR_NAME = AccentColor;
				CODE_SIGN_STYLE = Automatic;
				CURRENT_PROJECT_VERSION = 1;
				GENERATE_INFOPLIST_FILE = YES;
				INFOPLIST_FILE = "Blue-ePro/Info.plist";
				INFOPLIST_KEY_CFBundleDisplayName = "eプロ";
				INFOPLIST_KEY_UIApplicationSupportsIndirectInputEvents = YES;
				INFOPLIST_KEY_UILaunchStoryboardName = LaunchScreen;
				INFOPLIST_KEY_UIMainStoryboardFile = Main;
				INFOPLIST_KEY_UISupportedInterfaceOrientations_iPad = "UIInterfaceOrientationPortrait UIInterfaceOrientationPortraitUpsideDown UIInterfaceOrientationLandscapeLeft UIInterfaceOrientationLandscapeRight";
				INFOPLIST_KEY_UISupportedInterfaceOrientations_iPhone = "UIInterfaceOrientationPortrait UIInterfaceOrientationLandscapeLeft UIInterfaceOrientationLandscapeRight";
				LD_RUNPATH_SEARCH_PATHS = (
					"$(inherited)",
					"@executable_path/Frameworks",
				);
				MARKETING_VERSION = 1.0;
				PRODUCT_BUNDLE_IDENTIFIER = "sample.Blue-ePro";
				PRODUCT_NAME = "$(TARGET_NAME)";
				SWIFT_EMIT_LOC_STRINGS = YES;
				SWIFT_VERSION = 5.0;
				TARGETED_DEVICE_FAMILY = 1;
			};
			name = Release;
		};
/* End XCBuildConfiguration section */

/* Begin XCConfigurationList section */
		9C9083922768DC9F002F615E /* Build configuration list for PBXProject "Blue-ePro" */ = {
			isa = XCConfigurationList;
			buildConfigurations = (
				9C9083A92768DCA1002F615E /* Debug */,
				9C9083AA2768DCA1002F615E /* Release */,
			);
			defaultConfigurationIsVisible = 0;
			defaultConfigurationName = Release;
		};
		9C9083AB2768DCA1002F615E /* Build configuration list for PBXNativeTarget "Blue-ePro" */ = {
			isa = XCConfigurationList;
			buildConfigurations = (
				9C9083AC2768DCA1002F615E /* Debug */,
				9C9083AD2768DCA1002F615E /* Release */,
			);
			defaultConfigurationIsVisible = 0;
			defaultConfigurationName = Release;
		};
/* End XCConfigurationList section */
	};
	rootObject = 9C90838F2768DC9F002F615E /* Project object */;
}
