// !$*UTF8*$!
{
	archiveVersion = 1;
	classes = {
	};
	objectVersion = 55;
	objects = {

/* Begin PBXBuildFile section */
		9C98A1C22767988100EF8F6A /* AppDelegate.swift in Sources */ = {isa = PBXBuildFile; fileRef = 9C98A1C12767988100EF8F6A /* AppDelegate.swift */; };
		9C98A1C42767988100EF8F6A /* SceneDelegate.swift in Sources */ = {isa = PBXBuildFile; fileRef = 9C98A1C32767988100EF8F6A /* SceneDelegate.swift */; };
		9C98A1C62767988100EF8F6A /* ViewController.swift in Sources */ = {isa = PBXBuildFile; fileRef = 9C98A1C52767988100EF8F6A /* ViewController.swift */; };
		9C98A1C92767988100EF8F6A /* Main.storyboard in Resources */ = {isa = PBXBuildFile; fileRef = 9C98A1C72767988100EF8F6A /* Main.storyboard */; };
		9C98A1CB2767988500EF8F6A /* Assets.xcassets in Resources */ = {isa = PBXBuildFile; fileRef = 9C98A1CA2767988500EF8F6A /* Assets.xcassets */; };
		9C98A1CE2767988500EF8F6A /* LaunchScreen.storyboard in Resources */ = {isa = PBXBuildFile; fileRef = 9C98A1CC2767988500EF8F6A /* LaunchScreen.storyboard */; };
		9C98A1D62767A21D00EF8F6A /* MyTabBar.swift in Sources */ = {isa = PBXBuildFile; fileRef = 9C98A1D52767A21D00EF8F6A /* MyTabBar.swift */; };
		E6412CF2276820E000D78CE6 /* RegistrationViewController.swift in Sources */ = {isa = PBXBuildFile; fileRef = E6412CF1276820E000D78CE6 /* RegistrationViewController.swift */; };
/* End PBXBuildFile section */

/* Begin PBXFileReference section */
		9C98A1BE2767988100EF8F6A /* elpro.app */ = {isa = PBXFileReference; explicitFileType = wrapper.application; includeInIndex = 0; path = elpro.app; sourceTree = BUILT_PRODUCTS_DIR; };
		9C98A1C12767988100EF8F6A /* AppDelegate.swift */ = {isa = PBXFileReference; lastKnownFileType = sourcecode.swift; path = AppDelegate.swift; sourceTree = "<group>"; };
		9C98A1C32767988100EF8F6A /* SceneDelegate.swift */ = {isa = PBXFileReference; lastKnownFileType = sourcecode.swift; path = SceneDelegate.swift; sourceTree = "<group>"; };
		9C98A1C52767988100EF8F6A /* ViewController.swift */ = {isa = PBXFileReference; lastKnownFileType = sourcecode.swift; path = ViewController.swift; sourceTree = "<group>"; };
		9C98A1C82767988100EF8F6A /* Base */ = {isa = PBXFileReference; lastKnownFileType = file.storyboard; name = Base; path = Base.lproj/Main.storyboard; sourceTree = "<group>"; };
		9C98A1CA2767988500EF8F6A /* Assets.xcassets */ = {isa = PBXFileReference; lastKnownFileType = folder.assetcatalog; path = Assets.xcassets; sourceTree = "<group>"; };
		9C98A1CD2767988500EF8F6A /* Base */ = {isa = PBXFileReference; lastKnownFileType = file.storyboard; name = Base; path = Base.lproj/LaunchScreen.storyboard; sourceTree = "<group>"; };
		9C98A1CF2767988500EF8F6A /* Info.plist */ = {isa = PBXFileReference; lastKnownFileType = text.plist.xml; path = Info.plist; sourceTree = "<group>"; };
		9C98A1D52767A21D00EF8F6A /* MyTabBar.swift */ = {isa = PBXFileReference; lastKnownFileType = sourcecode.swift; path = MyTabBar.swift; sourceTree = "<group>"; };
		E6412CF1276820E000D78CE6 /* RegistrationViewController.swift */ = {isa = PBXFileReference; lastKnownFileType = sourcecode.swift; path = RegistrationViewController.swift; sourceTree = "<group>"; };
/* End PBXFileReference section */

/* Begin PBXFrameworksBuildPhase section */
		9C98A1BB2767988100EF8F6A /* Frameworks */ = {
			isa = PBXFrameworksBuildPhase;
			buildActionMask = 2147483647;
			files = (
			);
			runOnlyForDeploymentPostprocessing = 0;
		};
/* End PBXFrameworksBuildPhase section */

/* Begin PBXGroup section */
		9C98A1B52767988100EF8F6A = {
			isa = PBXGroup;
			children = (
				9C98A1C02767988100EF8F6A /* elpro */,
				9C98A1BF2767988100EF8F6A /* Products */,
			);
			sourceTree = "<group>";
		};
		9C98A1BF2767988100EF8F6A /* Products */ = {
			isa = PBXGroup;
			children = (
				9C98A1BE2767988100EF8F6A /* elpro.app */,
			);
			name = Products;
			sourceTree = "<group>";
		};
		9C98A1C02767988100EF8F6A /* elpro */ = {
			isa = PBXGroup;
			children = (
				9C98A1C12767988100EF8F6A /* AppDelegate.swift */,
				9C98A1C32767988100EF8F6A /* SceneDelegate.swift */,
				E6412CF1276820E000D78CE6 /* RegistrationViewController.swift */,
				9C98A1D52767A21D00EF8F6A /* MyTabBar.swift */,
				9C98A1C52767988100EF8F6A /* ViewController.swift */,
				9C98A1C72767988100EF8F6A /* Main.storyboard */,
				9C98A1CA2767988500EF8F6A /* Assets.xcassets */,
				9C98A1CC2767988500EF8F6A /* LaunchScreen.storyboard */,
				9C98A1CF2767988500EF8F6A /* Info.plist */,
			);
			path = elpro;
			sourceTree = "<group>";
		};
/* End PBXGroup section */

/* Begin PBXNativeTarget section */
		9C98A1BD2767988100EF8F6A /* elpro */ = {
			isa = PBXNativeTarget;
			buildConfigurationList = 9C98A1D22767988500EF8F6A /* Build configuration list for PBXNativeTarget "elpro" */;
			buildPhases = (
				9C98A1BA2767988100EF8F6A /* Sources */,
				9C98A1BB2767988100EF8F6A /* Frameworks */,
				9C98A1BC2767988100EF8F6A /* Resources */,
			);
			buildRules = (
			);
			dependencies = (
			);
			name = elpro;
			productName = elpro;
			productReference = 9C98A1BE2767988100EF8F6A /* elpro.app */;
			productType = "com.apple.product-type.application";
		};
/* End PBXNativeTarget section */

/* Begin PBXProject section */
		9C98A1B62767988100EF8F6A /* Project object */ = {
			isa = PBXProject;
			attributes = {
				BuildIndependentTargetsInParallel = 1;
				LastSwiftUpdateCheck = 1310;
				LastUpgradeCheck = 1310;
				TargetAttributes = {
					9C98A1BD2767988100EF8F6A = {
						CreatedOnToolsVersion = 13.1;
					};
				};
			};
			buildConfigurationList = 9C98A1B92767988100EF8F6A /* Build configuration list for PBXProject "elpro" */;
			compatibilityVersion = "Xcode 13.0";
			developmentRegion = en;
			hasScannedForEncodings = 0;
			knownRegions = (
				en,
				Base,
			);
			mainGroup = 9C98A1B52767988100EF8F6A;
			productRefGroup = 9C98A1BF2767988100EF8F6A /* Products */;
			projectDirPath = "";
			projectRoot = "";
			targets = (
				9C98A1BD2767988100EF8F6A /* elpro */,
			);
		};
/* End PBXProject section */

/* Begin PBXResourcesBuildPhase section */
		9C98A1BC2767988100EF8F6A /* Resources */ = {
			isa = PBXResourcesBuildPhase;
			buildActionMask = 2147483647;
			files = (
				9C98A1CE2767988500EF8F6A /* LaunchScreen.storyboard in Resources */,
				9C98A1CB2767988500EF8F6A /* Assets.xcassets in Resources */,
				9C98A1C92767988100EF8F6A /* Main.storyboard in Resources */,
			);
			runOnlyForDeploymentPostprocessing = 0;
		};
/* End PBXResourcesBuildPhase section */

/* Begin PBXSourcesBuildPhase section */
		9C98A1BA2767988100EF8F6A /* Sources */ = {
			isa = PBXSourcesBuildPhase;
			buildActionMask = 2147483647;
			files = (
				9C98A1C62767988100EF8F6A /* ViewController.swift in Sources */,
				9C98A1C22767988100EF8F6A /* AppDelegate.swift in Sources */,
				9C98A1C42767988100EF8F6A /* SceneDelegate.swift in Sources */,
				9C98A1D62767A21D00EF8F6A /* MyTabBar.swift in Sources */,
				E6412CF2276820E000D78CE6 /* RegistrationViewController.swift in Sources */,
			);
			runOnlyForDeploymentPostprocessing = 0;
		};
/* End PBXSourcesBuildPhase section */

/* Begin PBXVariantGroup section */
		9C98A1C72767988100EF8F6A /* Main.storyboard */ = {
			isa = PBXVariantGroup;
			children = (
				9C98A1C82767988100EF8F6A /* Base */,
			);
			name = Main.storyboard;
			sourceTree = "<group>";
		};
		9C98A1CC2767988500EF8F6A /* LaunchScreen.storyboard */ = {
			isa = PBXVariantGroup;
			children = (
				9C98A1CD2767988500EF8F6A /* Base */,
			);
			name = LaunchScreen.storyboard;
			sourceTree = "<group>";
		};
/* End PBXVariantGroup section */

/* Begin XCBuildConfiguration section */
		9C98A1D02767988500EF8F6A /* Debug */ = {
			isa = XCBuildConfiguration;
			buildSettings = {
				ALWAYS_SEARCH_USER_PATHS = NO;
				CLANG_ANALYZER_NONNULL = YES;
				CLANG_ANALYZER_NUMBER_OBJECT_CONVERSION = YES_AGGRESSIVE;
				CLANG_CXX_LANGUAGE_STANDARD = "gnu++17";
				CLANG_CXX_LIBRARY = "libc++";
				CLANG_ENABLE_MODULES = YES;
				CLANG_ENABLE_OBJC_ARC = YES;
				CLANG_ENABLE_OBJC_WEAK = YES;
				CLANG_WARN_BLOCK_CAPTURE_AUTORELEASING = YES;
				CLANG_WARN_BOOL_CONVERSION = YES;
				CLANG_WARN_COMMA = YES;
				CLANG_WARN_CONSTANT_CONVERSION = YES;
				CLANG_WARN_DEPRECATED_OBJC_IMPLEMENTATIONS = YES;
				CLANG_WARN_DIRECT_OBJC_ISA_USAGE = YES_ERROR;
				CLANG_WARN_DOCUMENTATION_COMMENTS = YES;
				CLANG_WARN_EMPTY_BODY = YES;
				CLANG_WARN_ENUM_CONVERSION = YES;
				CLANG_WARN_INFINITE_RECURSION = YES;
				CLANG_WARN_INT_CONVERSION = YES;
				CLANG_WARN_NON_LITERAL_NULL_CONVERSION = YES;
				CLANG_WARN_OBJC_IMPLICIT_RETAIN_SELF = YES;
				CLANG_WARN_OBJC_LITERAL_CONVERSION = YES;
				CLANG_WARN_OBJC_ROOT_CLASS = YES_ERROR;
				CLANG_WARN_QUOTED_INCLUDE_IN_FRAMEWORK_HEADER = YES;
				CLANG_WARN_RANGE_LOOP_ANALYSIS = YES;
				CLANG_WARN_STRICT_PROTOTYPES = YES;
				CLANG_WARN_SUSPICIOUS_MOVE = YES;
				CLANG_WARN_UNGUARDED_AVAILABILITY = YES_AGGRESSIVE;
				CLANG_WARN_UNREACHABLE_CODE = YES;
				CLANG_WARN__DUPLICATE_METHOD_MATCH = YES;
				COPY_PHASE_STRIP = NO;
				DEBUG_INFORMATION_FORMAT = dwarf;
				ENABLE_STRICT_OBJC_MSGSEND = YES;
				ENABLE_TESTABILITY = YES;
				GCC_C_LANGUAGE_STANDARD = gnu11;
				GCC_DYNAMIC_NO_PIC = NO;
				GCC_NO_COMMON_BLOCKS = YES;
				GCC_OPTIMIZATION_LEVEL = 0;
				GCC_PREPROCESSOR_DEFINITIONS = (
					"DEBUG=1",
					"$(inherited)",
				);
				GCC_WARN_64_TO_32_BIT_CONVERSION = YES;
				GCC_WARN_ABOUT_RETURN_TYPE = YES_ERROR;
				GCC_WARN_UNDECLARED_SELECTOR = YES;
				GCC_WARN_UNINITIALIZED_AUTOS = YES_AGGRESSIVE;
				GCC_WARN_UNUSED_FUNCTION = YES;
				GCC_WARN_UNUSED_VARIABLE = YES;
				IPHONEOS_DEPLOYMENT_TARGET = 15.0;
				MTL_ENABLE_DEBUG_INFO = INCLUDE_SOURCE;
				MTL_FAST_MATH = YES;
				ONLY_ACTIVE_ARCH = YES;
				SDKROOT = iphoneos;
				SWIFT_ACTIVE_COMPILATION_CONDITIONS = DEBUG;
				SWIFT_OPTIMIZATION_LEVEL = "-Onone";
			};
			name = Debug;
		};
		9C98A1D12767988500EF8F6A /* Release */ = {
			isa = XCBuildConfiguration;
			buildSettings = {
				ALWAYS_SEARCH_USER_PATHS = NO;
				CLANG_ANALYZER_NONNULL = YES;
				CLANG_ANALYZER_NUMBER_OBJECT_CONVERSION = YES_AGGRESSIVE;
				CLANG_CXX_LANGUAGE_STANDARD = "gnu++17";
				CLANG_CXX_LIBRARY = "libc++";
				CLANG_ENABLE_MODULES = YES;
				CLANG_ENABLE_OBJC_ARC = YES;
				CLANG_ENABLE_OBJC_WEAK = YES;
				CLANG_WARN_BLOCK_CAPTURE_AUTORELEASING = YES;
				CLANG_WARN_BOOL_CONVERSION = YES;
				CLANG_WARN_COMMA = YES;
				CLANG_WARN_CONSTANT_CONVERSION = YES;
				CLANG_WARN_DEPRECATED_OBJC_IMPLEMENTATIONS = YES;
				CLANG_WARN_DIRECT_OBJC_ISA_USAGE = YES_ERROR;
				CLANG_WARN_DOCUMENTATION_COMMENTS = YES;
				CLANG_WARN_EMPTY_BODY = YES;
				CLANG_WARN_ENUM_CONVERSION = YES;
				CLANG_WARN_INFINITE_RECURSION = YES;
				CLANG_WARN_INT_CONVERSION = YES;
				CLANG_WARN_NON_LITERAL_NULL_CONVERSION = YES;
				CLANG_WARN_OBJC_IMPLICIT_RETAIN_SELF = YES;
				CLANG_WARN_OBJC_LITERAL_CONVERSION = YES;
				CLANG_WARN_OBJC_ROOT_CLASS = YES_ERROR;
				CLANG_WARN_QUOTED_INCLUDE_IN_FRAMEWORK_HEADER = YES;
				CLANG_WARN_RANGE_LOOP_ANALYSIS = YES;
				CLANG_WARN_STRICT_PROTOTYPES = YES;
				CLANG_WARN_SUSPICIOUS_MOVE = YES;
				CLANG_WARN_UNGUARDED_AVAILABILITY = YES_AGGRESSIVE;
				CLANG_WARN_UNREACHABLE_CODE = YES;
				CLANG_WARN__DUPLICATE_METHOD_MATCH = YES;
				COPY_PHASE_STRIP = NO;
				DEBUG_INFORMATION_FORMAT = "dwarf-with-dsym";
				ENABLE_NS_ASSERTIONS = NO;
				ENABLE_STRICT_OBJC_MSGSEND = YES;
				GCC_C_LANGUAGE_STANDARD = gnu11;
				GCC_NO_COMMON_BLOCKS = YES;
				GCC_WARN_64_TO_32_BIT_CONVERSION = YES;
				GCC_WARN_ABOUT_RETURN_TYPE = YES_ERROR;
				GCC_WARN_UNDECLARED_SELECTOR = YES;
				GCC_WARN_UNINITIALIZED_AUTOS = YES_AGGRESSIVE;
				GCC_WARN_UNUSED_FUNCTION = YES;
				GCC_WARN_UNUSED_VARIABLE = YES;
				IPHONEOS_DEPLOYMENT_TARGET = 15.0;
				MTL_ENABLE_DEBUG_INFO = NO;
				MTL_FAST_MATH = YES;
				SDKROOT = iphoneos;
				SWIFT_COMPILATION_MODE = wholemodule;
				SWIFT_OPTIMIZATION_LEVEL = "-O";
				VALIDATE_PRODUCT = YES;
			};
			name = Release;
		};
		9C98A1D32767988500EF8F6A /* Debug */ = {
			isa = XCBuildConfiguration;
			buildSettings = {
				ASSETCATALOG_COMPILER_APPICON_NAME = AppIcon;
				ASSETCATALOG_COMPILER_GLOBAL_ACCENT_COLOR_NAME = AccentColor;
				CODE_SIGN_STYLE = Automatic;
				CURRENT_PROJECT_VERSION = 1;
				GENERATE_INFOPLIST_FILE = YES;
				INFOPLIST_FILE = elpro/Info.plist;
				INFOPLIST_KEY_UIApplicationSupportsIndirectInputEvents = YES;
				INFOPLIST_KEY_UILaunchStoryboardName = LaunchScreen;
				INFOPLIST_KEY_UIMainStoryboardFile = Main;
				INFOPLIST_KEY_UISupportedInterfaceOrientations_iPad = "UIInterfaceOrientationPortrait UIInterfaceOrientationPortraitUpsideDown UIInterfaceOrientationLandscapeLeft UIInterfaceOrientationLandscapeRight";
				INFOPLIST_KEY_UISupportedInterfaceOrientations_iPhone = "UIInterfaceOrientationPortrait UIInterfaceOrientationLandscapeLeft UIInterfaceOrientationLandscapeRight";
				LD_RUNPATH_SEARCH_PATHS = (
					"$(inherited)",
					"@executable_path/Frameworks",
				);
				MARKETING_VERSION = 1.0;
				PRODUCT_BUNDLE_IDENTIFIER = sample.elpro;
				PRODUCT_NAME = "$(TARGET_NAME)";
				SWIFT_EMIT_LOC_STRINGS = YES;
				SWIFT_VERSION = 5.0;
				TARGETED_DEVICE_FAMILY = "1,2";
			};
			name = Debug;
		};
		9C98A1D42767988500EF8F6A /* Release */ = {
			isa = XCBuildConfiguration;
			buildSettings = {
				ASSETCATALOG_COMPILER_APPICON_NAME = AppIcon;
				ASSETCATALOG_COMPILER_GLOBAL_ACCENT_COLOR_NAME = AccentColor;
				CODE_SIGN_STYLE = Automatic;
				CURRENT_PROJECT_VERSION = 1;
				GENERATE_INFOPLIST_FILE = YES;
				INFOPLIST_FILE = elpro/Info.plist;
				INFOPLIST_KEY_UIApplicationSupportsIndirectInputEvents = YES;
				INFOPLIST_KEY_UILaunchStoryboardName = LaunchScreen;
				INFOPLIST_KEY_UIMainStoryboardFile = Main;
				INFOPLIST_KEY_UISupportedInterfaceOrientations_iPad = "UIInterfaceOrientationPortrait UIInterfaceOrientationPortraitUpsideDown UIInterfaceOrientationLandscapeLeft UIInterfaceOrientationLandscapeRight";
				INFOPLIST_KEY_UISupportedInterfaceOrientations_iPhone = "UIInterfaceOrientationPortrait UIInterfaceOrientationLandscapeLeft UIInterfaceOrientationLandscapeRight";
				LD_RUNPATH_SEARCH_PATHS = (
					"$(inherited)",
					"@executable_path/Frameworks",
				);
				MARKETING_VERSION = 1.0;
				PRODUCT_BUNDLE_IDENTIFIER = sample.elpro;
				PRODUCT_NAME = "$(TARGET_NAME)";
				SWIFT_EMIT_LOC_STRINGS = YES;
				SWIFT_VERSION = 5.0;
				TARGETED_DEVICE_FAMILY = "1,2";
			};
			name = Release;
		};
/* End XCBuildConfiguration section */

/* Begin XCConfigurationList section */
		9C98A1B92767988100EF8F6A /* Build configuration list for PBXProject "elpro" */ = {
			isa = XCConfigurationList;
			buildConfigurations = (
				9C98A1D02767988500EF8F6A /* Debug */,
				9C98A1D12767988500EF8F6A /* Release */,
			);
			defaultConfigurationIsVisible = 0;
			defaultConfigurationName = Release;
		};
		9C98A1D22767988500EF8F6A /* Build configuration list for PBXNativeTarget "elpro" */ = {
			isa = XCConfigurationList;
			buildConfigurations = (
				9C98A1D32767988500EF8F6A /* Debug */,
				9C98A1D42767988500EF8F6A /* Release */,
			);
			defaultConfigurationIsVisible = 0;
			defaultConfigurationName = Release;
		};
/* End XCConfigurationList section */
	};
	rootObject = 9C98A1B62767988100EF8F6A /* Project object */;
}
